{
    "_readme": [
        "This file locks the dependencies of your project to a known state",
        "Read more about it at http://getcomposer.org/doc/01-basic-usage.md#composer-lock-the-lock-file",
        "This file is @generated automatically"
    ],
    "hash": "fc64341aee14f4f0638c491c730859fe",
    "packages": [
        {
            "name": "algolia/algoliasearch-client-php",
            "version": "1.1.9",
            "source": {
                "type": "git",
                "url": "https://github.com/algolia/algoliasearch-client-php.git",
                "reference": "29a22cb5536f1ea138939aae9de7420159bc4b82"
            },
            "dist": {
                "type": "zip",
                "url": "https://api.github.com/repos/algolia/algoliasearch-client-php/zipball/29a22cb5536f1ea138939aae9de7420159bc4b82",
                "reference": "29a22cb5536f1ea138939aae9de7420159bc4b82",
                "shasum": ""
            },
            "require-dev": {
                "phpunit/phpunit": "3.7.*",
                "satooshi/php-coveralls": "dev-master"
            },
            "type": "library",
            "autoload": {
                "classmap": [
                    "algoliasearch.php"
                ]
            },
            "notification-url": "https://packagist.org/downloads/",
            "license": [
                "MIT"
            ],
            "authors": [
                {
                    "name": "Algolia Team",
                    "email": "contact@algolia.com"
                }
            ],
            "description": "Algolia Search API Client for PHP",
            "homepage": "https://github.com/algolia/algoliasearch-client-php",
            "time": "2014-04-30 16:14:26"
        },
        {
            "name": "parse/php-sdk",
            "version": "1.0.3",
            "source": {
                "type": "git",
                "url": "https://github.com/ParsePlatform/parse-php-sdk.git",
                "reference": "735062b7e67ab07074128599bfe2094bce1b8443"
            },
            "dist": {
                "type": "zip",
                "url": "https://api.github.com/repos/ParsePlatform/parse-php-sdk/zipball/735062b7e67ab07074128599bfe2094bce1b8443",
                "reference": "735062b7e67ab07074128599bfe2094bce1b8443",
                "shasum": ""
            },
            "require": {
                "ext-curl": "*",
                "ext-json": "*",
                "php": ">=5.4.0"
            },
            "require-dev": {
                "phpdocumentor/phpdocumentor": "~2.5",
                "phpunit/phpunit": "~4.0",
                "squizlabs/php_codesniffer": "~1.5"
            },
            "type": "library",
            "extra": {
                "branch-alias": {
                    "dev-master": "1.0-dev"
                }
            },
            "autoload": {
                "psr-4": {
                    "Parse\\": "src/Parse/"
                }
            },
            "notification-url": "https://packagist.org/downloads/",
            "license": [
                "Parse Platform License"
            ],
            "authors": [
                {
                    "name": "Parse",
                    "homepage": "https://github.com/parseplatform/parse-php-sdk/contributors"
                }
            ],
            "description": "Parse PHP SDK",
            "homepage": "https://github.com/parseplatform/parse-php-sdk",
            "keywords": [
                "parse",
                "sdk"
            ],
            "time": "2014-10-10 02:52:01"
        }
    ],
    "packages-dev": [],
    "aliases": [],
    "minimum-stability": "stable",
    "stability-flags": [],
    "prefer-stable": false,
    "platform": [],
    "platform-dev": []
}